
Microsoft Visual Studio Solution File, Format Version 12.00
# Visual Studio Version 17
VisualStudioVersion = 17.2.32616.157
MinimumVisualStudioVersion = 10.0.40219.1
Project("{9A19103F-16F7-4668-BE54-9A1E7A4F7556}") = "01. Recursive Array Sum", "01. Recursive Array Sum\01. Recursive Array Sum.csproj", "{E37A5BB0-57CD-4320-93F2-1AFCCC1DE8EA}"
EndProject
Project("{9A19103F-16F7-4668-BE54-9A1E7A4F7556}") = "02. Recursive Drawing", "02. Recursive Drawing\02. Recursive Drawing.csproj", "{1907BFF8-A63F-4EC3-851E-9F43E1A04716}"
EndProject
Project("{9A19103F-16F7-4668-BE54-9A1E7A4F7556}") = "03. Generating 0 1 Vectors", "03. Generating 0 1 Vectors\03. Generating 0 1 Vectors.csproj", "{B4169A77-6C1D-48E4-83A7-7FBCB1AECE07}"
EndProject
Project("{9A19103F-16F7-4668-BE54-9A1E7A4F7556}") = "04. Recursive Factorial", "04. Recursive Factorial\04. Recursive Factorial.csproj", "{4F96CE6F-3C48-4292-8566-6B1C704346C3}"
EndProject
Project("{9A19103F-16F7-4668-BE54-9A1E7A4F7556}") = "05. Paths in Labyrinth", "05. Paths in Labyrinth\05. Paths in Labyrinth.csproj", "{60D02D24-0FA0-43F7-B583-640216C7A07C}"
EndProject
Project("{9A19103F-16F7-4668-BE54-9A1E7A4F7556}") = "06. 8 Queens Puzzle", "06. 8 Queens Puzzle\06. 8 Queens Puzzle.csproj", "{B1AAB327-7C36-42FC-BD05-30814C7B544F}"
EndProject
Project("{9A19103F-16F7-4668-BE54-9A1E7A4F7556}") = "01. Permutations without Repetition", "01. Permutations without Repetition\01. Permutations without Repetition.csproj", "{A5E90BE0-8E03-4340-8355-E64D38D0207A}"
EndProject
Project("{9A19103F-16F7-4668-BE54-9A1E7A4F7556}") = "02. Permutations with Repetition", "02. Permutations with Repetition\02. Permutations with Repetition.csproj", "{09BCBB74-62A6-46F7-B5E7-C9CBE7680791}"
EndProject
Project("{9A19103F-16F7-4668-BE54-9A1E7A4F7556}") = "03. Variations without Repetition", "03. Variations without Repetition\03. Variations without Repetition.csproj", "{D706E584-138C-4735-AF95-B5EDC0A2898E}"
EndProject
Project("{9A19103F-16F7-4668-BE54-9A1E7A4F7556}") = "04. Variations with Repetition", "04. Variations with Repetition\04. Variations with Repetition.csproj", "{B1EA1BD7-7257-453B-B0F4-36194484F22C}"
EndProject
Project("{9A19103F-16F7-4668-BE54-9A1E7A4F7556}") = "05. Combinations without Repetition", "05. Combinations without Repetition\05. Combinations without Repetition.csproj", "{053756E6-B452-45A1-BF43-EC9246719AB7}"
EndProject
Project("{9A19103F-16F7-4668-BE54-9A1E7A4F7556}") = "06. Combinations with Repetition", "06. Combinations with Repetition\06. Combinations with Repetition.csproj", "{EDBF5AA8-3F32-4FA2-938D-B39971839994}"
EndProject
Project("{9A19103F-16F7-4668-BE54-9A1E7A4F7556}") = "07. N Choose K Count", "07. N Choose K Count\07. N Choose K Count.csproj", "{A6312637-3013-42B3-970C-9E90A6B446DF}"
EndProject
Project("{9A19103F-16F7-4668-BE54-9A1E7A4F7556}") = "01. Reverse Array", "01. Reverse Array\01. Reverse Array.csproj", "{C5E27172-6F70-4B6D-A1EB-6C21EE7B98E2}"
EndProject
Project("{9A19103F-16F7-4668-BE54-9A1E7A4F7556}") = "02. Nested Loops", "02. Nested Loops\02. Nested Loops.csproj", "{1894ABB8-20C0-457D-A63E-0847DB2F1095}"
EndProject
Project("{9A19103F-16F7-4668-BE54-9A1E7A4F7556}") = "03. Connected Areas in Matrix", "03. Connected Areas in Matrix\03. Connected Areas in Matrix.csproj", "{04DA5D31-6FE2-44DC-B153-8E9A93B1349F}"
EndProject
Project("{9A19103F-16F7-4668-BE54-9A1E7A4F7556}") = "04. Cinema", "04. Cinema\04. Cinema.csproj", "{76BE1F3A-150D-4FDF-810A-3EB3A3FC6BF3}"
EndProject
Project("{FAE04EC0-301F-11D3-BF4B-00C04F79EFBC}") = "01. Binary Search", "01. Binary Search\01. Binary Search.csproj", "{EB333A2B-C660-455E-9419-37227D2C49B6}"
EndProject
Project("{FAE04EC0-301F-11D3-BF4B-00C04F79EFBC}") = "05. School Teams", "05. School Teams\05. School Teams.csproj", "{6F1EDF13-8BCE-45B7-9723-B9AB30D8BC0C}"
EndProject
Project("{FAE04EC0-301F-11D3-BF4B-00C04F79EFBC}") = "06. Word Cruncher", "06. Word Cruncher\06. Word Cruncher.csproj", "{8A6A1353-0C1B-4338-B97B-3CAD046BA985}"
EndProject
Project("{FAE04EC0-301F-11D3-BF4B-00C04F79EFBC}") = "02. Selection Sort", "02. Selection Sort\02. Selection Sort.csproj", "{37F8D851-008D-475A-ADB6-2F3F702AF07D}"
EndProject
Project("{FAE04EC0-301F-11D3-BF4B-00C04F79EFBC}") = "03. Bubble Sort", "03. Bubble Sort\03. Bubble Sort.csproj", "{FD66EEA0-E518-45C3-8C13-77EE2DEC3F95}"
EndProject
Project("{FAE04EC0-301F-11D3-BF4B-00C04F79EFBC}") = "05. Quicksort", "05. Quicksort\05. Quicksort.csproj", "{0D510978-DBF9-458F-98B8-D61F0649EAE1}"
EndProject
Project("{FAE04EC0-301F-11D3-BF4B-00C04F79EFBC}") = "06. Merge Sort", "06. Merge Sort\06. Merge Sort.csproj", "{9F31AB0F-178C-4808-B497-9B2960EEEF15}"
EndProject
Project("{FAE04EC0-301F-11D3-BF4B-00C04F79EFBC}") = "07. Sum of Coins", "07. Sum of Coins\07. Sum of Coins.csproj", "{E0652B68-98F2-4509-8F11-27B03886CA0B}"
EndProject
Project("{FAE04EC0-301F-11D3-BF4B-00C04F79EFBC}") = "08. Set Cover", "08. Set Cover\08. Set Cover.csproj", "{759B2506-2B48-4D97-A4CA-EF5D47CE14FB}"
EndProject
Project("{FAE04EC0-301F-11D3-BF4B-00C04F79EFBC}") = "01. Connected Components", "01. Connected Components\01. Connected Components.csproj", "{5898C6CE-FB22-4614-B6BA-6BFD32A2F202}"
EndProject
Project("{FAE04EC0-301F-11D3-BF4B-00C04F79EFBC}") = "02. Topological Sorting", "02. Topological Sorting\02. Topological Sorting.csproj", "{04AA8543-7613-4CFB-AC25-1B68F9A74EEF}"
EndProject
Project("{FAE04EC0-301F-11D3-BF4B-00C04F79EFBC}") = "03. Shortest Path", "03. Shortest Path\03. Shortest Path.csproj", "{259DF686-2212-4EB2-A2D0-4F7D038BFB01}"
EndProject
Project("{FAE04EC0-301F-11D3-BF4B-00C04F79EFBC}") = "01. Distance Between Vertices", "01. Distance Between Vertices\01. Distance Between Vertices.csproj", "{BD55CCCB-37D6-4264-B3DB-7A33D8A1A466}"
EndProject
Project("{FAE04EC0-301F-11D3-BF4B-00C04F79EFBC}") = "02. Areas in Matrix", "02. Areas in Matrix\02. Areas in Matrix.csproj", "{5A0565D0-2AEC-4121-AA30-8CEC1DAE415A}"
EndProject
Project("{FAE04EC0-301F-11D3-BF4B-00C04F79EFBC}") = "03. Cycles in Graph", "03. Cycles in Graph\03. Cycles in Graph.csproj", "{B2092828-0BAD-4D3A-9DA1-61268619DE8B}"
EndProject
Project("{FAE04EC0-301F-11D3-BF4B-00C04F79EFBC}") = "04. Salaries", "04. Salaries\04. Salaries.csproj", "{FDDEE109-F1D1-431C-A48A-7078B4EAC954}"
EndProject
Project("{FAE04EC0-301F-11D3-BF4B-00C04F79EFBC}") = "05. Break Cycles", "05. Break Cycles\05. Break Cycles.csproj", "{29654812-ACAC-4562-9AAA-7228767D8EFE}"
EndProject
Project("{FAE04EC0-301F-11D3-BF4B-00C04F79EFBC}") = "06. Road Reconstruction", "06. Road Reconstruction\06. Road Reconstruction.csproj", "{E6AAF3E8-EF67-406E-B590-CDCD9090CAD3}"
EndProject
Project("{FAE04EC0-301F-11D3-BF4B-00C04F79EFBC}") = "01. Fibonacci", "01. Fibonacci\01. Fibonacci.csproj", "{6B455A79-CAE3-43DC-AF3A-FCD07004C804}"
EndProject
Project("{FAE04EC0-301F-11D3-BF4B-00C04F79EFBC}") = "02. Move Down or Right", "02. Move Down or Right\02. Move Down or Right.csproj", "{F67AC329-E5ED-4F21-9884-FE271C3C8D5B}"
EndProject
Project("{FAE04EC0-301F-11D3-BF4B-00C04F79EFBC}") = "03. Longest Common Subsequence", "03. Longest Common Subsequence\03. Longest Common Subsequence.csproj", "{311275E9-76F6-4294-9490-44979FF0F61A}"
EndProject
Project("{FAE04EC0-301F-11D3-BF4B-00C04F79EFBC}") = "01. Binomial Coefficients", "01. Binomial Coefficients\01. Binomial Coefficients.csproj", "{3A25573A-6377-4682-9F78-718CDB1E4AEF}"
EndProject
Project("{FAE04EC0-301F-11D3-BF4B-00C04F79EFBC}") = "02. Dividing Presents", "02. Dividing Presents\02. Dividing Presents.csproj", "{983340C5-A517-4560-B96A-CA26BFE14D3F}"
EndProject
Project("{FAE04EC0-301F-11D3-BF4B-00C04F79EFBC}") = "03. Sum with Unlimited Coins", "03. Sum with Unlimited Coins\03. Sum with Unlimited Coins.csproj", "{22E573C1-BD2C-4758-8236-CA990D5C1A51}"
EndProject
Project("{FAE04EC0-301F-11D3-BF4B-00C04F79EFBC}") = "04. Sum with Limited Coins", "04. Sum with Limited Coins\04. Sum with Limited Coins.csproj", "{C322BA49-7B1F-4DC4-9882-E9CCB73F6BE6}"
EndProject
Project("{FAE04EC0-301F-11D3-BF4B-00C04F79EFBC}") = "05. Word Differences", "05. Word Differences\05. Word Differences.csproj", "{C0DC4A00-EA76-4D75-A193-42C5D6E34EBC}"
EndProject
Global
	GlobalSection(SolutionConfigurationPlatforms) = preSolution
		Debug|Any CPU = Debug|Any CPU
		Release|Any CPU = Release|Any CPU
	EndGlobalSection
	GlobalSection(ProjectConfigurationPlatforms) = postSolution
		{E37A5BB0-57CD-4320-93F2-1AFCCC1DE8EA}.Debug|Any CPU.ActiveCfg = Debug|Any CPU
		{E37A5BB0-57CD-4320-93F2-1AFCCC1DE8EA}.Debug|Any CPU.Build.0 = Debug|Any CPU
		{E37A5BB0-57CD-4320-93F2-1AFCCC1DE8EA}.Release|Any CPU.ActiveCfg = Release|Any CPU
		{E37A5BB0-57CD-4320-93F2-1AFCCC1DE8EA}.Release|Any CPU.Build.0 = Release|Any CPU
		{1907BFF8-A63F-4EC3-851E-9F43E1A04716}.Debug|Any CPU.ActiveCfg = Debug|Any CPU
		{1907BFF8-A63F-4EC3-851E-9F43E1A04716}.Debug|Any CPU.Build.0 = Debug|Any CPU
		{1907BFF8-A63F-4EC3-851E-9F43E1A04716}.Release|Any CPU.ActiveCfg = Release|Any CPU
		{1907BFF8-A63F-4EC3-851E-9F43E1A04716}.Release|Any CPU.Build.0 = Release|Any CPU
		{B4169A77-6C1D-48E4-83A7-7FBCB1AECE07}.Debug|Any CPU.ActiveCfg = Debug|Any CPU
		{B4169A77-6C1D-48E4-83A7-7FBCB1AECE07}.Debug|Any CPU.Build.0 = Debug|Any CPU
		{B4169A77-6C1D-48E4-83A7-7FBCB1AECE07}.Release|Any CPU.ActiveCfg = Release|Any CPU
		{B4169A77-6C1D-48E4-83A7-7FBCB1AECE07}.Release|Any CPU.Build.0 = Release|Any CPU
		{4F96CE6F-3C48-4292-8566-6B1C704346C3}.Debug|Any CPU.ActiveCfg = Debug|Any CPU
		{4F96CE6F-3C48-4292-8566-6B1C704346C3}.Debug|Any CPU.Build.0 = Debug|Any CPU
		{4F96CE6F-3C48-4292-8566-6B1C704346C3}.Release|Any CPU.ActiveCfg = Release|Any CPU
		{4F96CE6F-3C48-4292-8566-6B1C704346C3}.Release|Any CPU.Build.0 = Release|Any CPU
		{60D02D24-0FA0-43F7-B583-640216C7A07C}.Debug|Any CPU.ActiveCfg = Debug|Any CPU
		{60D02D24-0FA0-43F7-B583-640216C7A07C}.Debug|Any CPU.Build.0 = Debug|Any CPU
		{60D02D24-0FA0-43F7-B583-640216C7A07C}.Release|Any CPU.ActiveCfg = Release|Any CPU
		{60D02D24-0FA0-43F7-B583-640216C7A07C}.Release|Any CPU.Build.0 = Release|Any CPU
		{B1AAB327-7C36-42FC-BD05-30814C7B544F}.Debug|Any CPU.ActiveCfg = Debug|Any CPU
		{B1AAB327-7C36-42FC-BD05-30814C7B544F}.Debug|Any CPU.Build.0 = Debug|Any CPU
		{B1AAB327-7C36-42FC-BD05-30814C7B544F}.Release|Any CPU.ActiveCfg = Release|Any CPU
		{B1AAB327-7C36-42FC-BD05-30814C7B544F}.Release|Any CPU.Build.0 = Release|Any CPU
		{A5E90BE0-8E03-4340-8355-E64D38D0207A}.Debug|Any CPU.ActiveCfg = Debug|Any CPU
		{A5E90BE0-8E03-4340-8355-E64D38D0207A}.Debug|Any CPU.Build.0 = Debug|Any CPU
		{A5E90BE0-8E03-4340-8355-E64D38D0207A}.Release|Any CPU.ActiveCfg = Release|Any CPU
		{A5E90BE0-8E03-4340-8355-E64D38D0207A}.Release|Any CPU.Build.0 = Release|Any CPU
		{09BCBB74-62A6-46F7-B5E7-C9CBE7680791}.Debug|Any CPU.ActiveCfg = Debug|Any CPU
		{09BCBB74-62A6-46F7-B5E7-C9CBE7680791}.Debug|Any CPU.Build.0 = Debug|Any CPU
		{09BCBB74-62A6-46F7-B5E7-C9CBE7680791}.Release|Any CPU.ActiveCfg = Release|Any CPU
		{09BCBB74-62A6-46F7-B5E7-C9CBE7680791}.Release|Any CPU.Build.0 = Release|Any CPU
		{D706E584-138C-4735-AF95-B5EDC0A2898E}.Debug|Any CPU.ActiveCfg = Debug|Any CPU
		{D706E584-138C-4735-AF95-B5EDC0A2898E}.Debug|Any CPU.Build.0 = Debug|Any CPU
		{D706E584-138C-4735-AF95-B5EDC0A2898E}.Release|Any CPU.ActiveCfg = Release|Any CPU
		{D706E584-138C-4735-AF95-B5EDC0A2898E}.Release|Any CPU.Build.0 = Release|Any CPU
		{B1EA1BD7-7257-453B-B0F4-36194484F22C}.Debug|Any CPU.ActiveCfg = Debug|Any CPU
		{B1EA1BD7-7257-453B-B0F4-36194484F22C}.Debug|Any CPU.Build.0 = Debug|Any CPU
		{B1EA1BD7-7257-453B-B0F4-36194484F22C}.Release|Any CPU.ActiveCfg = Release|Any CPU
		{B1EA1BD7-7257-453B-B0F4-36194484F22C}.Release|Any CPU.Build.0 = Release|Any CPU
		{053756E6-B452-45A1-BF43-EC9246719AB7}.Debug|Any CPU.ActiveCfg = Debug|Any CPU
		{053756E6-B452-45A1-BF43-EC9246719AB7}.Debug|Any CPU.Build.0 = Debug|Any CPU
		{053756E6-B452-45A1-BF43-EC9246719AB7}.Release|Any CPU.ActiveCfg = Release|Any CPU
		{053756E6-B452-45A1-BF43-EC9246719AB7}.Release|Any CPU.Build.0 = Release|Any CPU
		{EDBF5AA8-3F32-4FA2-938D-B39971839994}.Debug|Any CPU.ActiveCfg = Debug|Any CPU
		{EDBF5AA8-3F32-4FA2-938D-B39971839994}.Debug|Any CPU.Build.0 = Debug|Any CPU
		{EDBF5AA8-3F32-4FA2-938D-B39971839994}.Release|Any CPU.ActiveCfg = Release|Any CPU
		{EDBF5AA8-3F32-4FA2-938D-B39971839994}.Release|Any CPU.Build.0 = Release|Any CPU
		{A6312637-3013-42B3-970C-9E90A6B446DF}.Debug|Any CPU.ActiveCfg = Debug|Any CPU
		{A6312637-3013-42B3-970C-9E90A6B446DF}.Debug|Any CPU.Build.0 = Debug|Any CPU
		{A6312637-3013-42B3-970C-9E90A6B446DF}.Release|Any CPU.ActiveCfg = Release|Any CPU
		{A6312637-3013-42B3-970C-9E90A6B446DF}.Release|Any CPU.Build.0 = Release|Any CPU
		{C5E27172-6F70-4B6D-A1EB-6C21EE7B98E2}.Debug|Any CPU.ActiveCfg = Debug|Any CPU
		{C5E27172-6F70-4B6D-A1EB-6C21EE7B98E2}.Debug|Any CPU.Build.0 = Debug|Any CPU
		{C5E27172-6F70-4B6D-A1EB-6C21EE7B98E2}.Release|Any CPU.ActiveCfg = Release|Any CPU
		{C5E27172-6F70-4B6D-A1EB-6C21EE7B98E2}.Release|Any CPU.Build.0 = Release|Any CPU
		{1894ABB8-20C0-457D-A63E-0847DB2F1095}.Debug|Any CPU.ActiveCfg = Debug|Any CPU
		{1894ABB8-20C0-457D-A63E-0847DB2F1095}.Debug|Any CPU.Build.0 = Debug|Any CPU
		{1894ABB8-20C0-457D-A63E-0847DB2F1095}.Release|Any CPU.ActiveCfg = Release|Any CPU
		{1894ABB8-20C0-457D-A63E-0847DB2F1095}.Release|Any CPU.Build.0 = Release|Any CPU
		{04DA5D31-6FE2-44DC-B153-8E9A93B1349F}.Debug|Any CPU.ActiveCfg = Debug|Any CPU
		{04DA5D31-6FE2-44DC-B153-8E9A93B1349F}.Debug|Any CPU.Build.0 = Debug|Any CPU
		{04DA5D31-6FE2-44DC-B153-8E9A93B1349F}.Release|Any CPU.ActiveCfg = Release|Any CPU
		{04DA5D31-6FE2-44DC-B153-8E9A93B1349F}.Release|Any CPU.Build.0 = Release|Any CPU
		{76BE1F3A-150D-4FDF-810A-3EB3A3FC6BF3}.Debug|Any CPU.ActiveCfg = Debug|Any CPU
		{76BE1F3A-150D-4FDF-810A-3EB3A3FC6BF3}.Debug|Any CPU.Build.0 = Debug|Any CPU
		{76BE1F3A-150D-4FDF-810A-3EB3A3FC6BF3}.Release|Any CPU.ActiveCfg = Release|Any CPU
		{76BE1F3A-150D-4FDF-810A-3EB3A3FC6BF3}.Release|Any CPU.Build.0 = Release|Any CPU
		{EB333A2B-C660-455E-9419-37227D2C49B6}.Debug|Any CPU.ActiveCfg = Debug|Any CPU
		{EB333A2B-C660-455E-9419-37227D2C49B6}.Debug|Any CPU.Build.0 = Debug|Any CPU
		{EB333A2B-C660-455E-9419-37227D2C49B6}.Release|Any CPU.ActiveCfg = Release|Any CPU
		{EB333A2B-C660-455E-9419-37227D2C49B6}.Release|Any CPU.Build.0 = Release|Any CPU
		{6F1EDF13-8BCE-45B7-9723-B9AB30D8BC0C}.Debug|Any CPU.ActiveCfg = Debug|Any CPU
		{6F1EDF13-8BCE-45B7-9723-B9AB30D8BC0C}.Debug|Any CPU.Build.0 = Debug|Any CPU
		{6F1EDF13-8BCE-45B7-9723-B9AB30D8BC0C}.Release|Any CPU.ActiveCfg = Release|Any CPU
		{6F1EDF13-8BCE-45B7-9723-B9AB30D8BC0C}.Release|Any CPU.Build.0 = Release|Any CPU
		{8A6A1353-0C1B-4338-B97B-3CAD046BA985}.Debug|Any CPU.ActiveCfg = Debug|Any CPU
		{8A6A1353-0C1B-4338-B97B-3CAD046BA985}.Debug|Any CPU.Build.0 = Debug|Any CPU
		{8A6A1353-0C1B-4338-B97B-3CAD046BA985}.Release|Any CPU.ActiveCfg = Release|Any CPU
		{8A6A1353-0C1B-4338-B97B-3CAD046BA985}.Release|Any CPU.Build.0 = Release|Any CPU
		{37F8D851-008D-475A-ADB6-2F3F702AF07D}.Debug|Any CPU.ActiveCfg = Debug|Any CPU
		{37F8D851-008D-475A-ADB6-2F3F702AF07D}.Debug|Any CPU.Build.0 = Debug|Any CPU
		{37F8D851-008D-475A-ADB6-2F3F702AF07D}.Release|Any CPU.ActiveCfg = Release|Any CPU
		{37F8D851-008D-475A-ADB6-2F3F702AF07D}.Release|Any CPU.Build.0 = Release|Any CPU
		{FD66EEA0-E518-45C3-8C13-77EE2DEC3F95}.Debug|Any CPU.ActiveCfg = Debug|Any CPU
		{FD66EEA0-E518-45C3-8C13-77EE2DEC3F95}.Debug|Any CPU.Build.0 = Debug|Any CPU
		{FD66EEA0-E518-45C3-8C13-77EE2DEC3F95}.Release|Any CPU.ActiveCfg = Release|Any CPU
		{FD66EEA0-E518-45C3-8C13-77EE2DEC3F95}.Release|Any CPU.Build.0 = Release|Any CPU
		{0D510978-DBF9-458F-98B8-D61F0649EAE1}.Debug|Any CPU.ActiveCfg = Debug|Any CPU
		{0D510978-DBF9-458F-98B8-D61F0649EAE1}.Debug|Any CPU.Build.0 = Debug|Any CPU
		{0D510978-DBF9-458F-98B8-D61F0649EAE1}.Release|Any CPU.ActiveCfg = Release|Any CPU
		{0D510978-DBF9-458F-98B8-D61F0649EAE1}.Release|Any CPU.Build.0 = Release|Any CPU
		{9F31AB0F-178C-4808-B497-9B2960EEEF15}.Debug|Any CPU.ActiveCfg = Debug|Any CPU
		{9F31AB0F-178C-4808-B497-9B2960EEEF15}.Debug|Any CPU.Build.0 = Debug|Any CPU
		{9F31AB0F-178C-4808-B497-9B2960EEEF15}.Release|Any CPU.ActiveCfg = Release|Any CPU
		{9F31AB0F-178C-4808-B497-9B2960EEEF15}.Release|Any CPU.Build.0 = Release|Any CPU
		{E0652B68-98F2-4509-8F11-27B03886CA0B}.Debug|Any CPU.ActiveCfg = Debug|Any CPU
		{E0652B68-98F2-4509-8F11-27B03886CA0B}.Debug|Any CPU.Build.0 = Debug|Any CPU
		{E0652B68-98F2-4509-8F11-27B03886CA0B}.Release|Any CPU.ActiveCfg = Release|Any CPU
		{E0652B68-98F2-4509-8F11-27B03886CA0B}.Release|Any CPU.Build.0 = Release|Any CPU
		{759B2506-2B48-4D97-A4CA-EF5D47CE14FB}.Debug|Any CPU.ActiveCfg = Debug|Any CPU
		{759B2506-2B48-4D97-A4CA-EF5D47CE14FB}.Debug|Any CPU.Build.0 = Debug|Any CPU
		{759B2506-2B48-4D97-A4CA-EF5D47CE14FB}.Release|Any CPU.ActiveCfg = Release|Any CPU
		{759B2506-2B48-4D97-A4CA-EF5D47CE14FB}.Release|Any CPU.Build.0 = Release|Any CPU
		{5898C6CE-FB22-4614-B6BA-6BFD32A2F202}.Debug|Any CPU.ActiveCfg = Debug|Any CPU
		{5898C6CE-FB22-4614-B6BA-6BFD32A2F202}.Debug|Any CPU.Build.0 = Debug|Any CPU
		{5898C6CE-FB22-4614-B6BA-6BFD32A2F202}.Release|Any CPU.ActiveCfg = Release|Any CPU
		{5898C6CE-FB22-4614-B6BA-6BFD32A2F202}.Release|Any CPU.Build.0 = Release|Any CPU
		{04AA8543-7613-4CFB-AC25-1B68F9A74EEF}.Debug|Any CPU.ActiveCfg = Debug|Any CPU
		{04AA8543-7613-4CFB-AC25-1B68F9A74EEF}.Debug|Any CPU.Build.0 = Debug|Any CPU
		{04AA8543-7613-4CFB-AC25-1B68F9A74EEF}.Release|Any CPU.ActiveCfg = Release|Any CPU
		{04AA8543-7613-4CFB-AC25-1B68F9A74EEF}.Release|Any CPU.Build.0 = Release|Any CPU
		{259DF686-2212-4EB2-A2D0-4F7D038BFB01}.Debug|Any CPU.ActiveCfg = Debug|Any CPU
		{259DF686-2212-4EB2-A2D0-4F7D038BFB01}.Debug|Any CPU.Build.0 = Debug|Any CPU
		{259DF686-2212-4EB2-A2D0-4F7D038BFB01}.Release|Any CPU.ActiveCfg = Release|Any CPU
		{259DF686-2212-4EB2-A2D0-4F7D038BFB01}.Release|Any CPU.Build.0 = Release|Any CPU
		{BD55CCCB-37D6-4264-B3DB-7A33D8A1A466}.Debug|Any CPU.ActiveCfg = Debug|Any CPU
		{BD55CCCB-37D6-4264-B3DB-7A33D8A1A466}.Debug|Any CPU.Build.0 = Debug|Any CPU
		{BD55CCCB-37D6-4264-B3DB-7A33D8A1A466}.Release|Any CPU.ActiveCfg = Release|Any CPU
		{BD55CCCB-37D6-4264-B3DB-7A33D8A1A466}.Release|Any CPU.Build.0 = Release|Any CPU
		{5A0565D0-2AEC-4121-AA30-8CEC1DAE415A}.Debug|Any CPU.ActiveCfg = Debug|Any CPU
		{5A0565D0-2AEC-4121-AA30-8CEC1DAE415A}.Debug|Any CPU.Build.0 = Debug|Any CPU
		{5A0565D0-2AEC-4121-AA30-8CEC1DAE415A}.Release|Any CPU.ActiveCfg = Release|Any CPU
		{5A0565D0-2AEC-4121-AA30-8CEC1DAE415A}.Release|Any CPU.Build.0 = Release|Any CPU
		{B2092828-0BAD-4D3A-9DA1-61268619DE8B}.Debug|Any CPU.ActiveCfg = Debug|Any CPU
		{B2092828-0BAD-4D3A-9DA1-61268619DE8B}.Debug|Any CPU.Build.0 = Debug|Any CPU
		{B2092828-0BAD-4D3A-9DA1-61268619DE8B}.Release|Any CPU.ActiveCfg = Release|Any CPU
		{B2092828-0BAD-4D3A-9DA1-61268619DE8B}.Release|Any CPU.Build.0 = Release|Any CPU
		{FDDEE109-F1D1-431C-A48A-7078B4EAC954}.Debug|Any CPU.ActiveCfg = Debug|Any CPU
		{FDDEE109-F1D1-431C-A48A-7078B4EAC954}.Debug|Any CPU.Build.0 = Debug|Any CPU
		{FDDEE109-F1D1-431C-A48A-7078B4EAC954}.Release|Any CPU.ActiveCfg = Release|Any CPU
		{FDDEE109-F1D1-431C-A48A-7078B4EAC954}.Release|Any CPU.Build.0 = Release|Any CPU
		{29654812-ACAC-4562-9AAA-7228767D8EFE}.Debug|Any CPU.ActiveCfg = Debug|Any CPU
		{29654812-ACAC-4562-9AAA-7228767D8EFE}.Debug|Any CPU.Build.0 = Debug|Any CPU
		{29654812-ACAC-4562-9AAA-7228767D8EFE}.Release|Any CPU.ActiveCfg = Release|Any CPU
		{29654812-ACAC-4562-9AAA-7228767D8EFE}.Release|Any CPU.Build.0 = Release|Any CPU
		{E6AAF3E8-EF67-406E-B590-CDCD9090CAD3}.Debug|Any CPU.ActiveCfg = Debug|Any CPU
		{E6AAF3E8-EF67-406E-B590-CDCD9090CAD3}.Debug|Any CPU.Build.0 = Debug|Any CPU
		{E6AAF3E8-EF67-406E-B590-CDCD9090CAD3}.Release|Any CPU.ActiveCfg = Release|Any CPU
		{E6AAF3E8-EF67-406E-B590-CDCD9090CAD3}.Release|Any CPU.Build.0 = Release|Any CPU
		{6B455A79-CAE3-43DC-AF3A-FCD07004C804}.Debug|Any CPU.ActiveCfg = Debug|Any CPU
		{6B455A79-CAE3-43DC-AF3A-FCD07004C804}.Debug|Any CPU.Build.0 = Debug|Any CPU
		{6B455A79-CAE3-43DC-AF3A-FCD07004C804}.Release|Any CPU.ActiveCfg = Release|Any CPU
		{6B455A79-CAE3-43DC-AF3A-FCD07004C804}.Release|Any CPU.Build.0 = Release|Any CPU
		{F67AC329-E5ED-4F21-9884-FE271C3C8D5B}.Debug|Any CPU.ActiveCfg = Debug|Any CPU
		{F67AC329-E5ED-4F21-9884-FE271C3C8D5B}.Debug|Any CPU.Build.0 = Debug|Any CPU
		{F67AC329-E5ED-4F21-9884-FE271C3C8D5B}.Release|Any CPU.ActiveCfg = Release|Any CPU
		{F67AC329-E5ED-4F21-9884-FE271C3C8D5B}.Release|Any CPU.Build.0 = Release|Any CPU
		{311275E9-76F6-4294-9490-44979FF0F61A}.Debug|Any CPU.ActiveCfg = Debug|Any CPU
		{311275E9-76F6-4294-9490-44979FF0F61A}.Debug|Any CPU.Build.0 = Debug|Any CPU
		{311275E9-76F6-4294-9490-44979FF0F61A}.Release|Any CPU.ActiveCfg = Release|Any CPU
		{311275E9-76F6-4294-9490-44979FF0F61A}.Release|Any CPU.Build.0 = Release|Any CPU
		{3A25573A-6377-4682-9F78-718CDB1E4AEF}.Debug|Any CPU.ActiveCfg = Debug|Any CPU
		{3A25573A-6377-4682-9F78-718CDB1E4AEF}.Debug|Any CPU.Build.0 = Debug|Any CPU
		{3A25573A-6377-4682-9F78-718CDB1E4AEF}.Release|Any CPU.ActiveCfg = Release|Any CPU
		{3A25573A-6377-4682-9F78-718CDB1E4AEF}.Release|Any CPU.Build.0 = Release|Any CPU
		{983340C5-A517-4560-B96A-CA26BFE14D3F}.Debug|Any CPU.ActiveCfg = Debug|Any CPU
		{983340C5-A517-4560-B96A-CA26BFE14D3F}.Debug|Any CPU.Build.0 = Debug|Any CPU
		{983340C5-A517-4560-B96A-CA26BFE14D3F}.Release|Any CPU.ActiveCfg = Release|Any CPU
		{983340C5-A517-4560-B96A-CA26BFE14D3F}.Release|Any CPU.Build.0 = Release|Any CPU
		{22E573C1-BD2C-4758-8236-CA990D5C1A51}.Debug|Any CPU.ActiveCfg = Debug|Any CPU
		{22E573C1-BD2C-4758-8236-CA990D5C1A51}.Debug|Any CPU.Build.0 = Debug|Any CPU
		{22E573C1-BD2C-4758-8236-CA990D5C1A51}.Release|Any CPU.ActiveCfg = Release|Any CPU
		{22E573C1-BD2C-4758-8236-CA990D5C1A51}.Release|Any CPU.Build.0 = Release|Any CPU
		{C322BA49-7B1F-4DC4-9882-E9CCB73F6BE6}.Debug|Any CPU.ActiveCfg = Debug|Any CPU
		{C322BA49-7B1F-4DC4-9882-E9CCB73F6BE6}.Debug|Any CPU.Build.0 = Debug|Any CPU
		{C322BA49-7B1F-4DC4-9882-E9CCB73F6BE6}.Release|Any CPU.ActiveCfg = Release|Any CPU
		{C322BA49-7B1F-4DC4-9882-E9CCB73F6BE6}.Release|Any CPU.Build.0 = Release|Any CPU
		{C0DC4A00-EA76-4D75-A193-42C5D6E34EBC}.Debug|Any CPU.ActiveCfg = Debug|Any CPU
		{C0DC4A00-EA76-4D75-A193-42C5D6E34EBC}.Debug|Any CPU.Build.0 = Debug|Any CPU
		{C0DC4A00-EA76-4D75-A193-42C5D6E34EBC}.Release|Any CPU.ActiveCfg = Release|Any CPU
		{C0DC4A00-EA76-4D75-A193-42C5D6E34EBC}.Release|Any CPU.Build.0 = Release|Any CPU
	EndGlobalSection
	GlobalSection(SolutionProperties) = preSolution
		HideSolutionNode = FALSE
	EndGlobalSection
	GlobalSection(ExtensibilityGlobals) = postSolution
		SolutionGuid = {A65BA3B9-5357-4788-81B2-B7C680FF6324}
	EndGlobalSection
EndGlobal
